
Microsoft Visual Studio Solution File, Format Version 12.00
# Visual Studio Version 17
VisualStudioVersion = 17.0.32112.339
MinimumVisualStudioVersion = 10.0.40219.1
Project("{FAE04EC0-301F-11D3-BF4B-00C04F79EFBC}") = "WebApiAlumnos", "WebApiAlumnos\WebApiAlumnos.csproj", "{3E2C4483-91DE-48CE-B3E9-76FFFA2BF09B}"
EndProject
Global
	GlobalSection(SolutionConfigurationPlatforms) = preSolution
		Debug|Any CPU = Debug|Any CPU
		Release|Any CPU = Release|Any CPU
	EndGlobalSection
	GlobalSection(ProjectConfigurationPlatforms) = postSolution
		{3E2C4483-91DE-48CE-B3E9-76FFFA2BF09B}.Debug|Any CPU.ActiveCfg = Debug|Any CPU
		{3E2C4483-91DE-48CE-B3E9-76FFFA2BF09B}.Debug|Any CPU.Build.0 = Debug|Any CPU
		{3E2C4483-91DE-48CE-B3E9-76FFFA2BF09B}.Release|Any CPU.ActiveCfg = Release|Any CPU
		{3E2C4483-91DE-48CE-B3E9-76FFFA2BF09B}.Release|Any CPU.Build.0 = Release|Any CPU
	EndGlobalSection
	GlobalSection(SolutionProperties) = preSolution
		HideSolutionNode = FALSE
	EndGlobalSection
	GlobalSection(ExtensibilityGlobals) = postSolution
		SolutionGuid = {9C7C8D33-B608-4365-8658-1F2FE6BEA766}
	EndGlobalSection
EndGlobal
